{
  "name": "kg-snippets",
  "version": "0.0.1",
  "lockfileVersion": 1,
  "requires": true,
  "dependencies": {
    "caniuse-db": {
      "version": "1.0.30000957",
      "resolved": "https://registry.npmjs.org/caniuse-db/-/caniuse-db-1.0.30000957.tgz",
      "integrity": "sha512-13rVZZO/75kPKJhJsi86lPUme7zlvfGDnnvSYx3TA+kYQxLtGywth5+81pyVZDjUfYyzatwA/yjv6DNsh66gmQ=="
    },
    "commander": {
      "version": "2.20.0",
      "resolved": "https://registry.npmjs.org/commander/-/commander-2.20.0.tgz",
      "integrity": "sha512-7j2y+40w61zy6YC2iRNpUe/NwhNyoXrYpHMrSunaMG64nRnaf96zO/KMQR4OyN/UnE5KLyEBnKHd4aG3rskjpQ=="
    },
    "emmet": {
      "version": "1.6.3",
      "resolved": "https://registry.npmjs.org/emmet/-/emmet-1.6.3.tgz",
      "integrity": "sha1-/hPXdO7jMv5L9sCsjLLWhhbqUME=",
      "requires": {
        "caniuse-db": "^1.0.30000161"
      }
    },
    "emmetjs": {
      "version": "1.1.3",
      "resolved": "https://registry.npmjs.org/emmetjs/-/emmetjs-1.1.3.tgz",
      "integrity": "sha1-zqnPC7jnsJGJRLqp9wIf1CBgY7c="
    },
    "node-nailgun-client": {
      "version": "0.1.2",
      "resolved": "https://registry.npmjs.org/node-nailgun-client/-/node-nailgun-client-0.1.2.tgz",
      "integrity": "sha512-OC611lR0fsDUSptwnhBf8d3sj4DZ5fiRKfS2QaGPe0kR3Dt9YoZr1MY7utK0scFPTbXuQdSBBbeoKYVbME1q5g==",
      "requires": {
        "commander": "^2.8.1"
      }
    },
    "node-nailgun-server": {
      "version": "0.1.4",
      "resolved": "https://registry.npmjs.org/node-nailgun-server/-/node-nailgun-server-0.1.4.tgz",
      "integrity": "sha512-e0Hbh6XPb/7GqATJ45BePaUEO5AwR7InRW/pGeMKHH1cqPMBFCeqdBNfvi+bkVLnsbYOOQE+pAek9nmNoD8sYw==",
      "requires": {
        "commander": "^2.8.1"
      }
    },
    "node-plantuml": {
      "version": "0.8.1",
      "resolved": "https://registry.npmjs.org/node-plantuml/-/node-plantuml-0.8.1.tgz",
      "integrity": "sha512-sEI9j61MLunxkV0QTUyycanLhk9qP23iEkv4IBT+bcndR8qJ1hm9TCD21I0cK5XyBCXNQ3gywXKujHWDojwcQg==",
      "requires": {
        "commander": "^2.8.1",
        "node-nailgun-client": "^0.1.0",
        "node-nailgun-server": "^0.1.4",
        "plantuml-encoder": "^1.2.5"
      }
    },
    "pako": {
      "version": "1.0.3",
      "resolved": "https://registry.npmjs.org/pako/-/pako-1.0.3.tgz",
      "integrity": "sha1-X1FbDGci4ZgpIK6ABerLC3ynPM8="
    },
    "plantuml-encoder": {
      "version": "1.2.5",
      "resolved": "https://registry.npmjs.org/plantuml-encoder/-/plantuml-encoder-1.2.5.tgz",
      "integrity": "sha512-viV7Sz+BJNX/sC3iyebh2VfLyAZKuu3+JuBs2ISms8+zoTGwPqwk3/WEDw/zROmGAJ/xD4sNd8zsBw/YmTo7ng==",
      "requires": {
        "pako": "1.0.3",
        "utf8-bytes": "0.0.1"
      }
    },
    "utf8-bytes": {
      "version": "0.0.1",
      "resolved": "https://registry.npmjs.org/utf8-bytes/-/utf8-bytes-0.0.1.tgz",
      "integrity": "sha1-EWsCVEjJtQAIHN+/H01sbDfYg30="
    }
  }
}
